
Microsoft Visual Studio Solution File, Format Version 12.00
Project("{2150E333-8FDC-42A3-9474-1A3956D46DE8}") = "src", "src", "{827E0CD3-B72D-47B6-A68D-7590B98EB39B}"
	ProjectSection(SolutionItems) = preProject
		src\README.md = src\README.md
	EndProjectSection
EndProject
Project("{FAE04EC0-301F-11D3-BF4B-00C04F79EFBC}") = "Monolith.Bootstrapper", "src\Monolith.Bootstrapper\Monolith.Bootstrapper.csproj", "{5142EDD6-1FBB-45FC-86A6-FA332AE41916}"
EndProject
Project("{2150E333-8FDC-42A3-9474-1A3956D46DE8}") = "BuildingBlocks", "BuildingBlocks", "{90298CBA-BD6F-3A0A-69D5-97CAD7B05E7E}"
EndProject
Project("{FAE04EC0-301F-11D3-BF4B-00C04F79EFBC}") = "Monolith.BuildingBlocks.Domain", "src\BuildingBlocks\Monolith.BuildingBlocks.Domain\Monolith.BuildingBlocks.Domain.csproj", "{695962A5-3FEE-41CE-9E71-2D53D41FA8BE}"
EndProject
Project("{FAE04EC0-301F-11D3-BF4B-00C04F79EFBC}") = "Monolith.BuildingBlocks.Application", "src\BuildingBlocks\Monolith.BuildingBlocks.Application\Monolith.BuildingBlocks.Application.csproj", "{6FAF102C-1378-47B1-9755-28A182245AB6}"
EndProject
Project("{FAE04EC0-301F-11D3-BF4B-00C04F79EFBC}") = "Monolith.BuildingBlocks.Infrastructure", "src\BuildingBlocks\Monolith.BuildingBlocks.Infrastructure\Monolith.BuildingBlocks.Infrastructure.csproj", "{935F88F9-794B-4A51-ADB1-F668B7C527AD}"
EndProject
Project("{2150E333-8FDC-42A3-9474-1A3956D46DE8}") = "Modules", "Modules", "{EC447DCF-ABFA-6E24-52A5-D7FD48A5C558}"
EndProject
Project("{2150E333-8FDC-42A3-9474-1A3956D46DE8}") = "Orders", "Orders", "{CFD98C11-0354-2BE4-4011-BD6AEF12219D}"
EndProject
Project("{FAE04EC0-301F-11D3-BF4B-00C04F79EFBC}") = "Monolith.Modules.Orders.Contracts", "src\Modules\Orders\Monolith.Modules.Orders.Contracts\Monolith.Modules.Orders.Contracts.csproj", "{4BB3642A-DC2F-4159-89C4-DC7D9A901257}"
EndProject
Project("{FAE04EC0-301F-11D3-BF4B-00C04F79EFBC}") = "Monolith.Modules.Orders", "src\Modules\Orders\Monolith.Modules.Orders\Monolith.Modules.Orders.csproj", "{674BE06A-30AF-4F61-99C0-5B5FB759B854}"
EndProject
Project("{2150E333-8FDC-42A3-9474-1A3956D46DE8}") = "Users", "Users", "{A26F344D-182E-CE53-AD51-2154946AC6F3}"
EndProject
Project("{FAE04EC0-301F-11D3-BF4B-00C04F79EFBC}") = "Monolith.Modules.Users.Contracts", "src\Modules\Users\Monolith.Modules.Users.Contracts\Monolith.Modules.Users.Contracts.csproj", "{F1DA7832-DBEF-47D6-A9EA-D5B03C5340A5}"
EndProject
Project("{FAE04EC0-301F-11D3-BF4B-00C04F79EFBC}") = "Monolith.Modules.Users", "src\Modules\Users\Monolith.Modules.Users\Monolith.Modules.Users.csproj", "{AA0BCF1F-9846-48CD-9EBF-D5FAECC74076}"
EndProject
Project("{2150E333-8FDC-42A3-9474-1A3956D46DE8}") = "tests", "tests", "{0AB3BF05-4346-4AA6-1389-037BE0695223}"
EndProject
Project("{2150E333-8FDC-42A3-9474-1A3956D46DE8}") = "UnitTests", "UnitTests", "{394A81D9-3C45-9818-BB26-23F2B85056FF}"
EndProject
Project("{FAE04EC0-301F-11D3-BF4B-00C04F79EFBC}") = "Monolith.Modules.Orders.Tests", "tests\UnitTests\Monolith.Modules.Orders.Tests\Monolith.Modules.Orders.Tests.csproj", "{A428A0EE-D830-432B-B930-99CE82CD6D47}"
EndProject
Project("{FAE04EC0-301F-11D3-BF4B-00C04F79EFBC}") = "Monolith.Modules.Users.Tests", "tests\UnitTests\Monolith.Modules.Users.Tests\Monolith.Modules.Users.Tests.csproj", "{F95502D3-EBFC-40F4-A248-34518CCCE55C}"
EndProject
Project("{2150E333-8FDC-42A3-9474-1A3956D46DE8}") = "IntegrationTests", "IntegrationTests", "{30785934-E017-5D9F-2777-3D61460A5281}"
EndProject
Project("{FAE04EC0-301F-11D3-BF4B-00C04F79EFBC}") = "Monolith.IntegrationTests", "tests\IntegrationTests\Monolith.IntegrationTests\Monolith.IntegrationTests.csproj", "{E40F5896-9A9E-4A7C-87AA-359AF0073B1F}"
EndProject
Global
	GlobalSection(SolutionConfigurationPlatforms) = preSolution
		Debug|Any CPU = Debug|Any CPU
		Debug|x64 = Debug|x64
		Debug|x86 = Debug|x86
		Release|Any CPU = Release|Any CPU
		Release|x64 = Release|x64
		Release|x86 = Release|x86
	EndGlobalSection
	GlobalSection(ProjectConfigurationPlatforms) = postSolution
		{5142EDD6-1FBB-45FC-86A6-FA332AE41916}.Debug|Any CPU.ActiveCfg = Debug|Any CPU
		{5142EDD6-1FBB-45FC-86A6-FA332AE41916}.Debug|Any CPU.Build.0 = Debug|Any CPU
		{5142EDD6-1FBB-45FC-86A6-FA332AE41916}.Debug|x64.ActiveCfg = Debug|Any CPU
		{5142EDD6-1FBB-45FC-86A6-FA332AE41916}.Debug|x64.Build.0 = Debug|Any CPU
		{5142EDD6-1FBB-45FC-86A6-FA332AE41916}.Debug|x86.ActiveCfg = Debug|Any CPU
		{5142EDD6-1FBB-45FC-86A6-FA332AE41916}.Debug|x86.Build.0 = Debug|Any CPU
		{5142EDD6-1FBB-45FC-86A6-FA332AE41916}.Release|Any CPU.ActiveCfg = Release|Any CPU
		{5142EDD6-1FBB-45FC-86A6-FA332AE41916}.Release|Any CPU.Build.0 = Release|Any CPU
		{5142EDD6-1FBB-45FC-86A6-FA332AE41916}.Release|x64.ActiveCfg = Release|Any CPU
		{5142EDD6-1FBB-45FC-86A6-FA332AE41916}.Release|x64.Build.0 = Release|Any CPU
		{5142EDD6-1FBB-45FC-86A6-FA332AE41916}.Release|x86.ActiveCfg = Release|Any CPU
		{5142EDD6-1FBB-45FC-86A6-FA332AE41916}.Release|x86.Build.0 = Release|Any CPU
		{695962A5-3FEE-41CE-9E71-2D53D41FA8BE}.Debug|Any CPU.ActiveCfg = Debug|Any CPU
		{695962A5-3FEE-41CE-9E71-2D53D41FA8BE}.Debug|Any CPU.Build.0 = Debug|Any CPU
		{695962A5-3FEE-41CE-9E71-2D53D41FA8BE}.Debug|x64.ActiveCfg = Debug|Any CPU
		{695962A5-3FEE-41CE-9E71-2D53D41FA8BE}.Debug|x64.Build.0 = Debug|Any CPU
		{695962A5-3FEE-41CE-9E71-2D53D41FA8BE}.Debug|x86.ActiveCfg = Debug|Any CPU
		{695962A5-3FEE-41CE-9E71-2D53D41FA8BE}.Debug|x86.Build.0 = Debug|Any CPU
		{695962A5-3FEE-41CE-9E71-2D53D41FA8BE}.Release|Any CPU.ActiveCfg = Release|Any CPU
		{695962A5-3FEE-41CE-9E71-2D53D41FA8BE}.Release|Any CPU.Build.0 = Release|Any CPU
		{695962A5-3FEE-41CE-9E71-2D53D41FA8BE}.Release|x64.ActiveCfg = Release|Any CPU
		{695962A5-3FEE-41CE-9E71-2D53D41FA8BE}.Release|x64.Build.0 = Release|Any CPU
		{695962A5-3FEE-41CE-9E71-2D53D41FA8BE}.Release|x86.ActiveCfg = Release|Any CPU
		{695962A5-3FEE-41CE-9E71-2D53D41FA8BE}.Release|x86.Build.0 = Release|Any CPU
		{6FAF102C-1378-47B1-9755-28A182245AB6}.Debug|Any CPU.ActiveCfg = Debug|Any CPU
		{6FAF102C-1378-47B1-9755-28A182245AB6}.Debug|Any CPU.Build.0 = Debug|Any CPU
		{6FAF102C-1378-47B1-9755-28A182245AB6}.Debug|x64.ActiveCfg = Debug|Any CPU
		{6FAF102C-1378-47B1-9755-28A182245AB6}.Debug|x64.Build.0 = Debug|Any CPU
		{6FAF102C-1378-47B1-9755-28A182245AB6}.Debug|x86.ActiveCfg = Debug|Any CPU
		{6FAF102C-1378-47B1-9755-28A182245AB6}.Debug|x86.Build.0 = Debug|Any CPU
		{6FAF102C-1378-47B1-9755-28A182245AB6}.Release|Any CPU.ActiveCfg = Release|Any CPU
		{6FAF102C-1378-47B1-9755-28A182245AB6}.Release|Any CPU.Build.0 = Release|Any CPU
		{6FAF102C-1378-47B1-9755-28A182245AB6}.Release|x64.ActiveCfg = Release|Any CPU
		{6FAF102C-1378-47B1-9755-28A182245AB6}.Release|x64.Build.0 = Release|Any CPU
		{6FAF102C-1378-47B1-9755-28A182245AB6}.Release|x86.ActiveCfg = Release|Any CPU
		{6FAF102C-1378-47B1-9755-28A182245AB6}.Release|x86.Build.0 = Release|Any CPU
		{935F88F9-794B-4A51-ADB1-F668B7C527AD}.Debug|Any CPU.ActiveCfg = Debug|Any CPU
		{935F88F9-794B-4A51-ADB1-F668B7C527AD}.Debug|Any CPU.Build.0 = Debug|Any CPU
		{935F88F9-794B-4A51-ADB1-F668B7C527AD}.Debug|x64.ActiveCfg = Debug|Any CPU
		{935F88F9-794B-4A51-ADB1-F668B7C527AD}.Debug|x64.Build.0 = Debug|Any CPU
		{935F88F9-794B-4A51-ADB1-F668B7C527AD}.Debug|x86.ActiveCfg = Debug|Any CPU
		{935F88F9-794B-4A51-ADB1-F668B7C527AD}.Debug|x86.Build.0 = Debug|Any CPU
		{935F88F9-794B-4A51-ADB1-F668B7C527AD}.Release|Any CPU.ActiveCfg = Release|Any CPU
		{935F88F9-794B-4A51-ADB1-F668B7C527AD}.Release|Any CPU.Build.0 = Release|Any CPU
		{935F88F9-794B-4A51-ADB1-F668B7C527AD}.Release|x64.ActiveCfg = Release|Any CPU
		{935F88F9-794B-4A51-ADB1-F668B7C527AD}.Release|x64.Build.0 = Release|Any CPU
		{935F88F9-794B-4A51-ADB1-F668B7C527AD}.Release|x86.ActiveCfg = Release|Any CPU
		{935F88F9-794B-4A51-ADB1-F668B7C527AD}.Release|x86.Build.0 = Release|Any CPU
		{4BB3642A-DC2F-4159-89C4-DC7D9A901257}.Debug|Any CPU.ActiveCfg = Debug|Any CPU
		{4BB3642A-DC2F-4159-89C4-DC7D9A901257}.Debug|Any CPU.Build.0 = Debug|Any CPU
		{4BB3642A-DC2F-4159-89C4-DC7D9A901257}.Debug|x64.ActiveCfg = Debug|Any CPU
		{4BB3642A-DC2F-4159-89C4-DC7D9A901257}.Debug|x64.Build.0 = Debug|Any CPU
		{4BB3642A-DC2F-4159-89C4-DC7D9A901257}.Debug|x86.ActiveCfg = Debug|Any CPU
		{4BB3642A-DC2F-4159-89C4-DC7D9A901257}.Debug|x86.Build.0 = Debug|Any CPU
		{4BB3642A-DC2F-4159-89C4-DC7D9A901257}.Release|Any CPU.ActiveCfg = Release|Any CPU
		{4BB3642A-DC2F-4159-89C4-DC7D9A901257}.Release|Any CPU.Build.0 = Release|Any CPU
		{4BB3642A-DC2F-4159-89C4-DC7D9A901257}.Release|x64.ActiveCfg = Release|Any CPU
		{4BB3642A-DC2F-4159-89C4-DC7D9A901257}.Release|x64.Build.0 = Release|Any CPU
		{4BB3642A-DC2F-4159-89C4-DC7D9A901257}.Release|x86.ActiveCfg = Release|Any CPU
		{4BB3642A-DC2F-4159-89C4-DC7D9A901257}.Release|x86.Build.0 = Release|Any CPU
		{674BE06A-30AF-4F61-99C0-5B5FB759B854}.Debug|Any CPU.ActiveCfg = Debug|Any CPU
		{674BE06A-30AF-4F61-99C0-5B5FB759B854}.Debug|Any CPU.Build.0 = Debug|Any CPU
		{674BE06A-30AF-4F61-99C0-5B5FB759B854}.Debug|x64.ActiveCfg = Debug|Any CPU
		{674BE06A-30AF-4F61-99C0-5B5FB759B854}.Debug|x64.Build.0 = Debug|Any CPU
		{674BE06A-30AF-4F61-99C0-5B5FB759B854}.Debug|x86.ActiveCfg = Debug|Any CPU
		{674BE06A-30AF-4F61-99C0-5B5FB759B854}.Debug|x86.Build.0 = Debug|Any CPU
		{674BE06A-30AF-4F61-99C0-5B5FB759B854}.Release|Any CPU.ActiveCfg = Release|Any CPU
		{674BE06A-30AF-4F61-99C0-5B5FB759B854}.Release|Any CPU.Build.0 = Release|Any CPU
		{674BE06A-30AF-4F61-99C0-5B5FB759B854}.Release|x64.ActiveCfg = Release|Any CPU
		{674BE06A-30AF-4F61-99C0-5B5FB759B854}.Release|x64.Build.0 = Release|Any CPU
		{674BE06A-30AF-4F61-99C0-5B5FB759B854}.Release|x86.ActiveCfg = Release|Any CPU
		{674BE06A-30AF-4F61-99C0-5B5FB759B854}.Release|x86.Build.0 = Release|Any CPU
		{F1DA7832-DBEF-47D6-A9EA-D5B03C5340A5}.Debug|Any CPU.ActiveCfg = Debug|Any CPU
		{F1DA7832-DBEF-47D6-A9EA-D5B03C5340A5}.Debug|Any CPU.Build.0 = Debug|Any CPU
		{F1DA7832-DBEF-47D6-A9EA-D5B03C5340A5}.Debug|x64.ActiveCfg = Debug|Any CPU
		{F1DA7832-DBEF-47D6-A9EA-D5B03C5340A5}.Debug|x64.Build.0 = Debug|Any CPU
		{F1DA7832-DBEF-47D6-A9EA-D5B03C5340A5}.Debug|x86.ActiveCfg = Debug|Any CPU
		{F1DA7832-DBEF-47D6-A9EA-D5B03C5340A5}.Debug|x86.Build.0 = Debug|Any CPU
		{F1DA7832-DBEF-47D6-A9EA-D5B03C5340A5}.Release|Any CPU.ActiveCfg = Release|Any CPU
		{F1DA7832-DBEF-47D6-A9EA-D5B03C5340A5}.Release|Any CPU.Build.0 = Release|Any CPU
		{F1DA7832-DBEF-47D6-A9EA-D5B03C5340A5}.Release|x64.ActiveCfg = Release|Any CPU
		{F1DA7832-DBEF-47D6-A9EA-D5B03C5340A5}.Release|x64.Build.0 = Release|Any CPU
		{F1DA7832-DBEF-47D6-A9EA-D5B03C5340A5}.Release|x86.ActiveCfg = Release|Any CPU
		{F1DA7832-DBEF-47D6-A9EA-D5B03C5340A5}.Release|x86.Build.0 = Release|Any CPU
		{AA0BCF1F-9846-48CD-9EBF-D5FAECC74076}.Debug|Any CPU.ActiveCfg = Debug|Any CPU
		{AA0BCF1F-9846-48CD-9EBF-D5FAECC74076}.Debug|Any CPU.Build.0 = Debug|Any CPU
		{AA0BCF1F-9846-48CD-9EBF-D5FAECC74076}.Debug|x64.ActiveCfg = Debug|Any CPU
		{AA0BCF1F-9846-48CD-9EBF-D5FAECC74076}.Debug|x64.Build.0 = Debug|Any CPU
		{AA0BCF1F-9846-48CD-9EBF-D5FAECC74076}.Debug|x86.ActiveCfg = Debug|Any CPU
		{AA0BCF1F-9846-48CD-9EBF-D5FAECC74076}.Debug|x86.Build.0 = Debug|Any CPU
		{AA0BCF1F-9846-48CD-9EBF-D5FAECC74076}.Release|Any CPU.ActiveCfg = Release|Any CPU
		{AA0BCF1F-9846-48CD-9EBF-D5FAECC74076}.Release|Any CPU.Build.0 = Release|Any CPU
		{AA0BCF1F-9846-48CD-9EBF-D5FAECC74076}.Release|x64.ActiveCfg = Release|Any CPU
		{AA0BCF1F-9846-48CD-9EBF-D5FAECC74076}.Release|x64.Build.0 = Release|Any CPU
		{AA0BCF1F-9846-48CD-9EBF-D5FAECC74076}.Release|x86.ActiveCfg = Release|Any CPU
		{AA0BCF1F-9846-48CD-9EBF-D5FAECC74076}.Release|x86.Build.0 = Release|Any CPU
		{A428A0EE-D830-432B-B930-99CE82CD6D47}.Debug|Any CPU.ActiveCfg = Debug|Any CPU
		{A428A0EE-D830-432B-B930-99CE82CD6D47}.Debug|Any CPU.Build.0 = Debug|Any CPU
		{A428A0EE-D830-432B-B930-99CE82CD6D47}.Debug|x64.ActiveCfg = Debug|Any CPU
		{A428A0EE-D830-432B-B930-99CE82CD6D47}.Debug|x64.Build.0 = Debug|Any CPU
		{A428A0EE-D830-432B-B930-99CE82CD6D47}.Debug|x86.ActiveCfg = Debug|Any CPU
		{A428A0EE-D830-432B-B930-99CE82CD6D47}.Debug|x86.Build.0 = Debug|Any CPU
		{A428A0EE-D830-432B-B930-99CE82CD6D47}.Release|Any CPU.ActiveCfg = Release|Any CPU
		{A428A0EE-D830-432B-B930-99CE82CD6D47}.Release|Any CPU.Build.0 = Release|Any CPU
		{A428A0EE-D830-432B-B930-99CE82CD6D47}.Release|x64.ActiveCfg = Release|Any CPU
		{A428A0EE-D830-432B-B930-99CE82CD6D47}.Release|x64.Build.0 = Release|Any CPU
		{A428A0EE-D830-432B-B930-99CE82CD6D47}.Release|x86.ActiveCfg = Release|Any CPU
		{A428A0EE-D830-432B-B930-99CE82CD6D47}.Release|x86.Build.0 = Release|Any CPU
		{F95502D3-EBFC-40F4-A248-34518CCCE55C}.Debug|Any CPU.ActiveCfg = Debug|Any CPU
		{F95502D3-EBFC-40F4-A248-34518CCCE55C}.Debug|Any CPU.Build.0 = Debug|Any CPU
		{F95502D3-EBFC-40F4-A248-34518CCCE55C}.Debug|x64.ActiveCfg = Debug|Any CPU
		{F95502D3-EBFC-40F4-A248-34518CCCE55C}.Debug|x64.Build.0 = Debug|Any CPU
		{F95502D3-EBFC-40F4-A248-34518CCCE55C}.Debug|x86.ActiveCfg = Debug|Any CPU
		{F95502D3-EBFC-40F4-A248-34518CCCE55C}.Debug|x86.Build.0 = Debug|Any CPU
		{F95502D3-EBFC-40F4-A248-34518CCCE55C}.Release|Any CPU.ActiveCfg = Release|Any CPU
		{F95502D3-EBFC-40F4-A248-34518CCCE55C}.Release|Any CPU.Build.0 = Release|Any CPU
		{F95502D3-EBFC-40F4-A248-34518CCCE55C}.Release|x64.ActiveCfg = Release|Any CPU
		{F95502D3-EBFC-40F4-A248-34518CCCE55C}.Release|x64.Build.0 = Release|Any CPU
		{F95502D3-EBFC-40F4-A248-34518CCCE55C}.Release|x86.ActiveCfg = Release|Any CPU
		{F95502D3-EBFC-40F4-A248-34518CCCE55C}.Release|x86.Build.0 = Release|Any CPU
		{E40F5896-9A9E-4A7C-87AA-359AF0073B1F}.Debug|Any CPU.ActiveCfg = Debug|Any CPU
		{E40F5896-9A9E-4A7C-87AA-359AF0073B1F}.Debug|Any CPU.Build.0 = Debug|Any CPU
		{E40F5896-9A9E-4A7C-87AA-359AF0073B1F}.Debug|x64.ActiveCfg = Debug|Any CPU
		{E40F5896-9A9E-4A7C-87AA-359AF0073B1F}.Debug|x64.Build.0 = Debug|Any CPU
		{E40F5896-9A9E-4A7C-87AA-359AF0073B1F}.Debug|x86.ActiveCfg = Debug|Any CPU
		{E40F5896-9A9E-4A7C-87AA-359AF0073B1F}.Debug|x86.Build.0 = Debug|Any CPU
		{E40F5896-9A9E-4A7C-87AA-359AF0073B1F}.Release|Any CPU.ActiveCfg = Release|Any CPU
		{E40F5896-9A9E-4A7C-87AA-359AF0073B1F}.Release|Any CPU.Build.0 = Release|Any CPU
		{E40F5896-9A9E-4A7C-87AA-359AF0073B1F}.Release|x64.ActiveCfg = Release|Any CPU
		{E40F5896-9A9E-4A7C-87AA-359AF0073B1F}.Release|x64.Build.0 = Release|Any CPU
		{E40F5896-9A9E-4A7C-87AA-359AF0073B1F}.Release|x86.ActiveCfg = Release|Any CPU
		{E40F5896-9A9E-4A7C-87AA-359AF0073B1F}.Release|x86.Build.0 = Release|Any CPU
	EndGlobalSection
	GlobalSection(SolutionProperties) = preSolution
		HideSolutionNode = FALSE
	EndGlobalSection
	GlobalSection(NestedProjects) = preSolution
		{90298CBA-BD6F-3A0A-69D5-97CAD7B05E7E} = {827E0CD3-B72D-47B6-A68D-7590B98EB39B}
		{695962A5-3FEE-41CE-9E71-2D53D41FA8BE} = {90298CBA-BD6F-3A0A-69D5-97CAD7B05E7E}
		{6FAF102C-1378-47B1-9755-28A182245AB6} = {90298CBA-BD6F-3A0A-69D5-97CAD7B05E7E}
		{935F88F9-794B-4A51-ADB1-F668B7C527AD} = {90298CBA-BD6F-3A0A-69D5-97CAD7B05E7E}
		{EC447DCF-ABFA-6E24-52A5-D7FD48A5C558} = {827E0CD3-B72D-47B6-A68D-7590B98EB39B}
		{CFD98C11-0354-2BE4-4011-BD6AEF12219D} = {EC447DCF-ABFA-6E24-52A5-D7FD48A5C558}
		{4BB3642A-DC2F-4159-89C4-DC7D9A901257} = {CFD98C11-0354-2BE4-4011-BD6AEF12219D}
		{674BE06A-30AF-4F61-99C0-5B5FB759B854} = {CFD98C11-0354-2BE4-4011-BD6AEF12219D}
		{A26F344D-182E-CE53-AD51-2154946AC6F3} = {EC447DCF-ABFA-6E24-52A5-D7FD48A5C558}
		{F1DA7832-DBEF-47D6-A9EA-D5B03C5340A5} = {A26F344D-182E-CE53-AD51-2154946AC6F3}
		{AA0BCF1F-9846-48CD-9EBF-D5FAECC74076} = {A26F344D-182E-CE53-AD51-2154946AC6F3}
		{394A81D9-3C45-9818-BB26-23F2B85056FF} = {0AB3BF05-4346-4AA6-1389-037BE0695223}
		{A428A0EE-D830-432B-B930-99CE82CD6D47} = {394A81D9-3C45-9818-BB26-23F2B85056FF}
		{F95502D3-EBFC-40F4-A248-34518CCCE55C} = {394A81D9-3C45-9818-BB26-23F2B85056FF}
		{30785934-E017-5D9F-2777-3D61460A5281} = {0AB3BF05-4346-4AA6-1389-037BE0695223}
		{E40F5896-9A9E-4A7C-87AA-359AF0073B1F} = {30785934-E017-5D9F-2777-3D61460A5281}
		{5142EDD6-1FBB-45FC-86A6-FA332AE41916} = {827E0CD3-B72D-47B6-A68D-7590B98EB39B}
	EndGlobalSection
EndGlobal
